// !$*UTF8*$!
{
	archiveVersion = 1;
	classes = {
	};
	objectVersion = 46;
	objects = {

/* Begin PBXBuildFile section */
		CC3DF6C31AAD6F470077BA57 /* NSOutputStream(extention).swift in Sources */ = {isa = PBXBuildFile; fileRef = CC3DF6C21AAD6F470077BA57 /* NSOutputStream(extention).swift */; };
		CC4A336A1A767B250037ACE8 /* AppDelegate.swift in Sources */ = {isa = PBXBuildFile; fileRef = CC4A33691A767B250037ACE8 /* AppDelegate.swift */; };
		CC4A336C1A767B250037ACE8 /* FirstViewController.swift in Sources */ = {isa = PBXBuildFile; fileRef = CC4A336B1A767B250037ACE8 /* FirstViewController.swift */; };
		CC4A33711A767B250037ACE8 /* Main.storyboard in Resources */ = {isa = PBXBuildFile; fileRef = CC4A336F1A767B250037ACE8 /* Main.storyboard */; };
		CC4A33731A767B250037ACE8 /* Images.xcassets in Resources */ = {isa = PBXBuildFile; fileRef = CC4A33721A767B250037ACE8 /* Images.xcassets */; };
		CC4A33761A767B250037ACE8 /* LaunchScreen.xib in Resources */ = {isa = PBXBuildFile; fileRef = CC4A33741A767B250037ACE8 /* LaunchScreen.xib */; };
		CC4A33821A767B250037ACE8 /* IknowwhatyouaredoingTests.swift in Sources */ = {isa = PBXBuildFile; fileRef = CC4A33811A767B250037ACE8 /* IknowwhatyouaredoingTests.swift */; };
		CCC80AEC1A88E33000A0EE18 /* Constants.swift in Sources */ = {isa = PBXBuildFile; fileRef = CCC80AEB1A88E33000A0EE18 /* Constants.swift */; };
		CCC80AEE1A88E33C00A0EE18 /* AccelerometerFilter.swift in Sources */ = {isa = PBXBuildFile; fileRef = CCC80AED1A88E33C00A0EE18 /* AccelerometerFilter.swift */; };
		CCE0B7F11C13F58F00542053 /* Interface.storyboard in Resources */ = {isa = PBXBuildFile; fileRef = CCE0B7EF1C13F58F00542053 /* Interface.storyboard */; };
		CCE0B7F31C13F58F00542053 /* Assets.xcassets in Resources */ = {isa = PBXBuildFile; fileRef = CCE0B7F21C13F58F00542053 /* Assets.xcassets */; };
		CCE0B7FA1C13F58F00542053 /* WatchMotion Extension.appex in Embed App Extensions */ = {isa = PBXBuildFile; fileRef = CCE0B7F91C13F58F00542053 /* WatchMotion Extension.appex */; settings = {ATTRIBUTES = (RemoveHeadersOnCopy, ); }; };
		CCE0B8011C13F58F00542053 /* InterfaceController.swift in Sources */ = {isa = PBXBuildFile; fileRef = CCE0B8001C13F58F00542053 /* InterfaceController.swift */; };
		CCE0B8031C13F58F00542053 /* ExtensionDelegate.swift in Sources */ = {isa = PBXBuildFile; fileRef = CCE0B8021C13F58F00542053 /* ExtensionDelegate.swift */; };
		CCE0B8051C13F58F00542053 /* NotificationController.swift in Sources */ = {isa = PBXBuildFile; fileRef = CCE0B8041C13F58F00542053 /* NotificationController.swift */; };
		CCE0B8071C13F58F00542053 /* GlanceController.swift in Sources */ = {isa = PBXBuildFile; fileRef = CCE0B8061C13F58F00542053 /* GlanceController.swift */; };
		CCE0B8091C13F58F00542053 /* ComplicationController.swift in Sources */ = {isa = PBXBuildFile; fileRef = CCE0B8081C13F58F00542053 /* ComplicationController.swift */; };
		CCE0B80B1C13F58F00542053 /* Assets.xcassets in Resources */ = {isa = PBXBuildFile; fileRef = CCE0B80A1C13F58F00542053 /* Assets.xcassets */; };
		CCE0B80F1C13F58F00542053 /* WatchMotion.app in Embed Watch Content */ = {isa = PBXBuildFile; fileRef = CCE0B7ED1C13F58F00542053 /* WatchMotion.app */; };
		CCE0B81F1C140CC100542053 /* FirstInterfaceTable.swift in Sources */ = {isa = PBXBuildFile; fileRef = CCE0B81E1C140CC100542053 /* FirstInterfaceTable.swift */; };
		CCE0B8261C1455D100542053 /* TableGroupController.swift in Sources */ = {isa = PBXBuildFile; fileRef = CCE0B8251C1455D100542053 /* TableGroupController.swift */; };
		CCFBC7871A7FCB6C00455131 /* SensorAnaylize.swift in Sources */ = {isa = PBXBuildFile; fileRef = CCFBC7861A7FCB6C00455131 /* SensorAnaylize.swift */; };
		CCFC29451AD213C900719377 /* DataManagerViewController.swift in Sources */ = {isa = PBXBuildFile; fileRef = CCFC29441AD213C900719377 /* DataManagerViewController.swift */; };
/* End PBXBuildFile section */

/* Begin PBXContainerItemProxy section */
		CC4A337C1A767B250037ACE8 /* PBXContainerItemProxy */ = {
			isa = PBXContainerItemProxy;
			containerPortal = CC4A335C1A767B250037ACE8 /* Project object */;
			proxyType = 1;
			remoteGlobalIDString = CC4A33631A767B250037ACE8;
			remoteInfo = Iknowwhatyouaredoing;
		};
		CCE0B7FB1C13F58F00542053 /* PBXContainerItemProxy */ = {
			isa = PBXContainerItemProxy;
			containerPortal = CC4A335C1A767B250037ACE8 /* Project object */;
			proxyType = 1;
			remoteGlobalIDString = CCE0B7F81C13F58F00542053;
			remoteInfo = "WatchMotion Extension";
		};
		CCE0B80D1C13F58F00542053 /* PBXContainerItemProxy */ = {
			isa = PBXContainerItemProxy;
			containerPortal = CC4A335C1A767B250037ACE8 /* Project object */;
			proxyType = 1;
			remoteGlobalIDString = CCE0B7EC1C13F58F00542053;
			remoteInfo = WatchMotion;
		};
/* End PBXContainerItemProxy section */

/* Begin PBXCopyFilesBuildPhase section */
		CCE0B8131C13F58F00542053 /* Embed App Extensions */ = {
			isa = PBXCopyFilesBuildPhase;
			buildActionMask = 2147483647;
			dstPath = "";
			dstSubfolderSpec = 13;
			files = (
				CCE0B7FA1C13F58F00542053 /* WatchMotion Extension.appex in Embed App Extensions */,
			);
			name = "Embed App Extensions";
			runOnlyForDeploymentPostprocessing = 0;
		};
		CCE0B8171C13F58F00542053 /* Embed Watch Content */ = {
			isa = PBXCopyFilesBuildPhase;
			buildActionMask = 2147483647;
			dstPath = "$(CONTENTS_FOLDER_PATH)/Watch";
			dstSubfolderSpec = 16;
			files = (
				CCE0B80F1C13F58F00542053 /* WatchMotion.app in Embed Watch Content */,
			);
			name = "Embed Watch Content";
			runOnlyForDeploymentPostprocessing = 0;
		};
/* End PBXCopyFilesBuildPhase section */

/* Begin PBXFileReference section */
		CC3DF6C21AAD6F470077BA57 /* NSOutputStream(extention).swift */ = {isa = PBXFileReference; fileEncoding = 4; lastKnownFileType = sourcecode.swift; path = "NSOutputStream(extention).swift"; sourceTree = "<group>"; };
		CC4A33641A767B250037ACE8 /* Iknowwhatyouaredoing.app */ = {isa = PBXFileReference; explicitFileType = wrapper.application; includeInIndex = 0; path = Iknowwhatyouaredoing.app; sourceTree = BUILT_PRODUCTS_DIR; };
		CC4A33681A767B250037ACE8 /* Info.plist */ = {isa = PBXFileReference; lastKnownFileType = text.plist.xml; path = Info.plist; sourceTree = "<group>"; };
		CC4A33691A767B250037ACE8 /* AppDelegate.swift */ = {isa = PBXFileReference; lastKnownFileType = sourcecode.swift; path = AppDelegate.swift; sourceTree = "<group>"; };
		CC4A336B1A767B250037ACE8 /* FirstViewController.swift */ = {isa = PBXFileReference; lastKnownFileType = sourcecode.swift; path = FirstViewController.swift; sourceTree = "<group>"; };
		CC4A33701A767B250037ACE8 /* Base */ = {isa = PBXFileReference; lastKnownFileType = file.storyboard; name = Base; path = Base.lproj/Main.storyboard; sourceTree = "<group>"; };
		CC4A33721A767B250037ACE8 /* Images.xcassets */ = {isa = PBXFileReference; lastKnownFileType = folder.assetcatalog; path = Images.xcassets; sourceTree = "<group>"; };
		CC4A33751A767B250037ACE8 /* Base */ = {isa = PBXFileReference; lastKnownFileType = file.xib; name = Base; path = Base.lproj/LaunchScreen.xib; sourceTree = "<group>"; };
		CC4A337B1A767B250037ACE8 /* IknowwhatyouaredoingTests.xctest */ = {isa = PBXFileReference; explicitFileType = wrapper.cfbundle; includeInIndex = 0; path = IknowwhatyouaredoingTests.xctest; sourceTree = BUILT_PRODUCTS_DIR; };
		CC4A33801A767B250037ACE8 /* Info.plist */ = {isa = PBXFileReference; lastKnownFileType = text.plist.xml; path = Info.plist; sourceTree = "<group>"; };
		CC4A33811A767B250037ACE8 /* IknowwhatyouaredoingTests.swift */ = {isa = PBXFileReference; lastKnownFileType = sourcecode.swift; path = IknowwhatyouaredoingTests.swift; sourceTree = "<group>"; };
		CCC80AEB1A88E33000A0EE18 /* Constants.swift */ = {isa = PBXFileReference; fileEncoding = 4; lastKnownFileType = sourcecode.swift; path = Constants.swift; sourceTree = "<group>"; };
		CCC80AED1A88E33C00A0EE18 /* AccelerometerFilter.swift */ = {isa = PBXFileReference; fileEncoding = 4; lastKnownFileType = sourcecode.swift; path = AccelerometerFilter.swift; sourceTree = "<group>"; };
		CCE0B7ED1C13F58F00542053 /* WatchMotion.app */ = {isa = PBXFileReference; explicitFileType = wrapper.application; includeInIndex = 0; path = WatchMotion.app; sourceTree = BUILT_PRODUCTS_DIR; };
		CCE0B7F01C13F58F00542053 /* Base */ = {isa = PBXFileReference; lastKnownFileType = file.storyboard; name = Base; path = Base.lproj/Interface.storyboard; sourceTree = "<group>"; };
		CCE0B7F21C13F58F00542053 /* Assets.xcassets */ = {isa = PBXFileReference; lastKnownFileType = folder.assetcatalog; path = Assets.xcassets; sourceTree = "<group>"; };
		CCE0B7F41C13F58F00542053 /* Info.plist */ = {isa = PBXFileReference; lastKnownFileType = text.plist.xml; path = Info.plist; sourceTree = "<group>"; };
		CCE0B7F91C13F58F00542053 /* WatchMotion Extension.appex */ = {isa = PBXFileReference; explicitFileType = "wrapper.app-extension"; includeInIndex = 0; path = "WatchMotion Extension.appex"; sourceTree = BUILT_PRODUCTS_DIR; };
		CCE0B7FF1C13F58F00542053 /* PushNotificationPayload.apns */ = {isa = PBXFileReference; lastKnownFileType = text; path = PushNotificationPayload.apns; sourceTree = "<group>"; };
		CCE0B8001C13F58F00542053 /* InterfaceController.swift */ = {isa = PBXFileReference; lastKnownFileType = sourcecode.swift; path = InterfaceController.swift; sourceTree = "<group>"; };
		CCE0B8021C13F58F00542053 /* ExtensionDelegate.swift */ = {isa = PBXFileReference; lastKnownFileType = sourcecode.swift; path = ExtensionDelegate.swift; sourceTree = "<group>"; };
		CCE0B8041C13F58F00542053 /* NotificationController.swift */ = {isa = PBXFileReference; lastKnownFileType = sourcecode.swift; path = NotificationController.swift; sourceTree = "<group>"; };
		CCE0B8061C13F58F00542053 /* GlanceController.swift */ = {isa = PBXFileReference; lastKnownFileType = sourcecode.swift; path = GlanceController.swift; sourceTree = "<group>"; };
		CCE0B8081C13F58F00542053 /* ComplicationController.swift */ = {isa = PBXFileReference; lastKnownFileType = sourcecode.swift; path = ComplicationController.swift; sourceTree = "<group>"; };
		CCE0B80A1C13F58F00542053 /* Assets.xcassets */ = {isa = PBXFileReference; lastKnownFileType = folder.assetcatalog; path = Assets.xcassets; sourceTree = "<group>"; };
		CCE0B80C1C13F58F00542053 /* Info.plist */ = {isa = PBXFileReference; lastKnownFileType = text.plist.xml; path = Info.plist; sourceTree = "<group>"; };
		CCE0B81E1C140CC100542053 /* FirstInterfaceTable.swift */ = {isa = PBXFileReference; fileEncoding = 4; lastKnownFileType = sourcecode.swift; path = FirstInterfaceTable.swift; sourceTree = "<group>"; };
		CCE0B8251C1455D100542053 /* TableGroupController.swift */ = {isa = PBXFileReference; fileEncoding = 4; lastKnownFileType = sourcecode.swift; path = TableGroupController.swift; sourceTree = "<group>"; };
		CCFBC7861A7FCB6C00455131 /* SensorAnaylize.swift */ = {isa = PBXFileReference; fileEncoding = 4; lastKnownFileType = sourcecode.swift; path = SensorAnaylize.swift; sourceTree = "<group>"; };
		CCFC29441AD213C900719377 /* DataManagerViewController.swift */ = {isa = PBXFileReference; fileEncoding = 4; lastKnownFileType = sourcecode.swift; path = DataManagerViewController.swift; sourceTree = "<group>"; };
/* End PBXFileReference section */

/* Begin PBXFrameworksBuildPhase section */
		CC4A33611A767B250037ACE8 /* Frameworks */ = {
			isa = PBXFrameworksBuildPhase;
			buildActionMask = 2147483647;
			files = (
			);
			runOnlyForDeploymentPostprocessing = 0;
		};
		CC4A33781A767B250037ACE8 /* Frameworks */ = {
			isa = PBXFrameworksBuildPhase;
			buildActionMask = 2147483647;
			files = (
			);
			runOnlyForDeploymentPostprocessing = 0;
		};
		CCE0B7F61C13F58F00542053 /* Frameworks */ = {
			isa = PBXFrameworksBuildPhase;
			buildActionMask = 2147483647;
			files = (
			);
			runOnlyForDeploymentPostprocessing = 0;
		};
/* End PBXFrameworksBuildPhase section */

/* Begin PBXGroup section */
		CC4A335B1A767B250037ACE8 = {
			isa = PBXGroup;
			children = (
				CC4A33661A767B250037ACE8 /* Iknowwhatyouaredoing */,
				CC4A337E1A767B250037ACE8 /* IknowwhatyouaredoingTests */,
				CCE0B7EE1C13F58F00542053 /* WatchMotion */,
				CCE0B7FD1C13F58F00542053 /* WatchMotion Extension */,
				CC4A33651A767B250037ACE8 /* Products */,
			);
			sourceTree = "<group>";
		};
		CC4A33651A767B250037ACE8 /* Products */ = {
			isa = PBXGroup;
			children = (
				CC4A33641A767B250037ACE8 /* Iknowwhatyouaredoing.app */,
				CC4A337B1A767B250037ACE8 /* IknowwhatyouaredoingTests.xctest */,
				CCE0B7ED1C13F58F00542053 /* WatchMotion.app */,
				CCE0B7F91C13F58F00542053 /* WatchMotion Extension.appex */,
			);
			name = Products;
			sourceTree = "<group>";
		};
		CC4A33661A767B250037ACE8 /* Iknowwhatyouaredoing */ = {
			isa = PBXGroup;
			children = (
				CCC80AED1A88E33C00A0EE18 /* AccelerometerFilter.swift */,
				CCC80AEB1A88E33000A0EE18 /* Constants.swift */,
				CC4A33691A767B250037ACE8 /* AppDelegate.swift */,
				CC4A336B1A767B250037ACE8 /* FirstViewController.swift */,
				CCFBC7861A7FCB6C00455131 /* SensorAnaylize.swift */,
				CCFC29441AD213C900719377 /* DataManagerViewController.swift */,
				CC4A336F1A767B250037ACE8 /* Main.storyboard */,
				CC4A33721A767B250037ACE8 /* Images.xcassets */,
				CC4A33741A767B250037ACE8 /* LaunchScreen.xib */,
				CC4A33671A767B250037ACE8 /* Supporting Files */,
				CC3DF6C21AAD6F470077BA57 /* NSOutputStream(extention).swift */,
			);
			path = Iknowwhatyouaredoing;
			sourceTree = "<group>";
		};
		CC4A33671A767B250037ACE8 /* Supporting Files */ = {
			isa = PBXGroup;
			children = (
				CC4A33681A767B250037ACE8 /* Info.plist */,
			);
			name = "Supporting Files";
			sourceTree = "<group>";
		};
		CC4A337E1A767B250037ACE8 /* IknowwhatyouaredoingTests */ = {
			isa = PBXGroup;
			children = (
				CC4A33811A767B250037ACE8 /* IknowwhatyouaredoingTests.swift */,
				CC4A337F1A767B250037ACE8 /* Supporting Files */,
			);
			path = IknowwhatyouaredoingTests;
			sourceTree = "<group>";
		};
		CC4A337F1A767B250037ACE8 /* Supporting Files */ = {
			isa = PBXGroup;
			children = (
				CC4A33801A767B250037ACE8 /* Info.plist */,
			);
			name = "Supporting Files";
			sourceTree = "<group>";
		};
		CCE0B7EE1C13F58F00542053 /* WatchMotion */ = {
			isa = PBXGroup;
			children = (
				CCE0B7EF1C13F58F00542053 /* Interface.storyboard */,
				CCE0B7F21C13F58F00542053 /* Assets.xcassets */,
				CCE0B7F41C13F58F00542053 /* Info.plist */,
			);
			path = WatchMotion;
			sourceTree = "<group>";
		};
		CCE0B7FD1C13F58F00542053 /* WatchMotion Extension */ = {
			isa = PBXGroup;
			children = (
				CCE0B8001C13F58F00542053 /* InterfaceController.swift */,
				CCE0B8021C13F58F00542053 /* ExtensionDelegate.swift */,
				CCE0B8041C13F58F00542053 /* NotificationController.swift */,
				CCE0B8061C13F58F00542053 /* GlanceController.swift */,
				CCE0B8081C13F58F00542053 /* ComplicationController.swift */,
				CCE0B80A1C13F58F00542053 /* Assets.xcassets */,
				CCE0B80C1C13F58F00542053 /* Info.plist */,
				CCE0B7FE1C13F58F00542053 /* Supporting Files */,
				CCE0B81E1C140CC100542053 /* FirstInterfaceTable.swift */,
				CCE0B8251C1455D100542053 /* TableGroupController.swift */,
			);
			path = "WatchMotion Extension";
			sourceTree = "<group>";
		};
		CCE0B7FE1C13F58F00542053 /* Supporting Files */ = {
			isa = PBXGroup;
			children = (
				CCE0B7FF1C13F58F00542053 /* PushNotificationPayload.apns */,
			);
			name = "Supporting Files";
			sourceTree = "<group>";
		};
/* End PBXGroup section */

/* Begin PBXNativeTarget section */
		CC4A33631A767B250037ACE8 /* Iknowwhatyouaredoing */ = {
			isa = PBXNativeTarget;
			buildConfigurationList = CC4A33851A767B250037ACE8 /* Build configuration list for PBXNativeTarget "Iknowwhatyouaredoing" */;
			buildPhases = (
				CC4A33601A767B250037ACE8 /* Sources */,
				CC4A33611A767B250037ACE8 /* Frameworks */,
				CC4A33621A767B250037ACE8 /* Resources */,
				CCE0B8171C13F58F00542053 /* Embed Watch Content */,
			);
			buildRules = (
			);
			dependencies = (
				CCE0B80E1C13F58F00542053 /* PBXTargetDependency */,
			);
			name = Iknowwhatyouaredoing;
			productName = Iknowwhatyouaredoing;
			productReference = CC4A33641A767B250037ACE8 /* Iknowwhatyouaredoing.app */;
			productType = "com.apple.product-type.application";
		};
		CC4A337A1A767B250037ACE8 /* IknowwhatyouaredoingTests */ = {
			isa = PBXNativeTarget;
			buildConfigurationList = CC4A33881A767B250037ACE8 /* Build configuration list for PBXNativeTarget "IknowwhatyouaredoingTests" */;
			buildPhases = (
				CC4A33771A767B250037ACE8 /* Sources */,
				CC4A33781A767B250037ACE8 /* Frameworks */,
				CC4A33791A767B250037ACE8 /* Resources */,
			);
			buildRules = (
			);
			dependencies = (
				CC4A337D1A767B250037ACE8 /* PBXTargetDependency */,
			);
			name = IknowwhatyouaredoingTests;
			productName = IknowwhatyouaredoingTests;
			productReference = CC4A337B1A767B250037ACE8 /* IknowwhatyouaredoingTests.xctest */;
			productType = "com.apple.product-type.bundle.unit-test";
		};
		CCE0B7EC1C13F58F00542053 /* WatchMotion */ = {
			isa = PBXNativeTarget;
			buildConfigurationList = CCE0B8141C13F58F00542053 /* Build configuration list for PBXNativeTarget "WatchMotion" */;
			buildPhases = (
				CCE0B7EB1C13F58F00542053 /* Resources */,
				CCE0B8131C13F58F00542053 /* Embed App Extensions */,
			);
			buildRules = (
			);
			dependencies = (
				CCE0B7FC1C13F58F00542053 /* PBXTargetDependency */,
			);
			name = WatchMotion;
			productName = WatchMotion;
			productReference = CCE0B7ED1C13F58F00542053 /* WatchMotion.app */;
			productType = "com.apple.product-type.application.watchapp2";
		};
		CCE0B7F81C13F58F00542053 /* WatchMotion Extension */ = {
			isa = PBXNativeTarget;
			buildConfigurationList = CCE0B8101C13F58F00542053 /* Build configuration list for PBXNativeTarget "WatchMotion Extension" */;
			buildPhases = (
				CCE0B7F51C13F58F00542053 /* Sources */,
				CCE0B7F61C13F58F00542053 /* Frameworks */,
				CCE0B7F71C13F58F00542053 /* Resources */,
			);
			buildRules = (
			);
			dependencies = (
			);
			name = "WatchMotion Extension";
			productName = "WatchMotion Extension";
			productReference = CCE0B7F91C13F58F00542053 /* WatchMotion Extension.appex */;
			productType = "com.apple.product-type.watchkit2-extension";
		};
/* End PBXNativeTarget section */

/* Begin PBXProject section */
		CC4A335C1A767B250037ACE8 /* Project object */ = {
			isa = PBXProject;
			attributes = {
				LastSwiftUpdateCheck = 0710;
				LastUpgradeCheck = 0700;
				ORGANIZATIONNAME = jeffgukang;
				TargetAttributes = {
					CC4A33631A767B250037ACE8 = {
						CreatedOnToolsVersion = 6.1.1;
						DevelopmentTeam = KW3484UDPV;
					};
					CC4A337A1A767B250037ACE8 = {
						CreatedOnToolsVersion = 6.1.1;
						TestTargetID = CC4A33631A767B250037ACE8;
					};
					CCE0B7EC1C13F58F00542053 = {
						CreatedOnToolsVersion = 7.1.1;
						DevelopmentTeam = KW3484UDPV;
					};
					CCE0B7F81C13F58F00542053 = {
						CreatedOnToolsVersion = 7.1.1;
					};
				};
			};
			buildConfigurationList = CC4A335F1A767B250037ACE8 /* Build configuration list for PBXProject "Iknowwhatyouaredoing" */;
			compatibilityVersion = "Xcode 3.2";
			developmentRegion = English;
			hasScannedForEncodings = 0;
			knownRegions = (
				en,
				Base,
			);
			mainGroup = CC4A335B1A767B250037ACE8;
			productRefGroup = CC4A33651A767B250037ACE8 /* Products */;
			projectDirPath = "";
			projectRoot = "";
			targets = (
				CC4A33631A767B250037ACE8 /* Iknowwhatyouaredoing */,
				CC4A337A1A767B250037ACE8 /* IknowwhatyouaredoingTests */,
				CCE0B7EC1C13F58F00542053 /* WatchMotion */,
				CCE0B7F81C13F58F00542053 /* WatchMotion Extension */,
			);
		};
/* End PBXProject section */

/* Begin PBXResourcesBuildPhase section */
		CC4A33621A767B250037ACE8 /* Resources */ = {
			isa = PBXResourcesBuildPhase;
			buildActionMask = 2147483647;
			files = (
				CC4A33711A767B250037ACE8 /* Main.storyboard in Resources */,
				CC4A33761A767B250037ACE8 /* LaunchScreen.xib in Resources */,
				CC4A33731A767B250037ACE8 /* Images.xcassets in Resources */,
			);
			runOnlyForDeploymentPostprocessing = 0;
		};
		CC4A33791A767B250037ACE8 /* Resources */ = {
			isa = PBXResourcesBuildPhase;
			buildActionMask = 2147483647;
			files = (
			);
			runOnlyForDeploymentPostprocessing = 0;
		};
		CCE0B7EB1C13F58F00542053 /* Resources */ = {
			isa = PBXResourcesBuildPhase;
			buildActionMask = 2147483647;
			files = (
				CCE0B7F31C13F58F00542053 /* Assets.xcassets in Resources */,
				CCE0B7F11C13F58F00542053 /* Interface.storyboard in Resources */,
			);
			runOnlyForDeploymentPostprocessing = 0;
		};
		CCE0B7F71C13F58F00542053 /* Resources */ = {
			isa = PBXResourcesBuildPhase;
			buildActionMask = 2147483647;
			files = (
				CCE0B80B1C13F58F00542053 /* Assets.xcassets in Resources */,
			);
			runOnlyForDeploymentPostprocessing = 0;
		};
/* End PBXResourcesBuildPhase section */

/* Begin PBXSourcesBuildPhase section */
		CC4A33601A767B250037ACE8 /* Sources */ = {
			isa = PBXSourcesBuildPhase;
			buildActionMask = 2147483647;
			files = (
				CCC80AEC1A88E33000A0EE18 /* Constants.swift in Sources */,
				CCC80AEE1A88E33C00A0EE18 /* AccelerometerFilter.swift in Sources */,
				CC3DF6C31AAD6F470077BA57 /* NSOutputStream(extention).swift in Sources */,
				CCFBC7871A7FCB6C00455131 /* SensorAnaylize.swift in Sources */,
				CC4A336A1A767B250037ACE8 /* AppDelegate.swift in Sources */,
				CCFC29451AD213C900719377 /* DataManagerViewController.swift in Sources */,
				CC4A336C1A767B250037ACE8 /* FirstViewController.swift in Sources */,
			);
			runOnlyForDeploymentPostprocessing = 0;
		};
		CC4A33771A767B250037ACE8 /* Sources */ = {
			isa = PBXSourcesBuildPhase;
			buildActionMask = 2147483647;
			files = (
				CC4A33821A767B250037ACE8 /* IknowwhatyouaredoingTests.swift in Sources */,
			);
			runOnlyForDeploymentPostprocessing = 0;
		};
		CCE0B7F51C13F58F00542053 /* Sources */ = {
			isa = PBXSourcesBuildPhase;
			buildActionMask = 2147483647;
			files = (
				CCE0B8051C13F58F00542053 /* NotificationController.swift in Sources */,
				CCE0B8031C13F58F00542053 /* ExtensionDelegate.swift in Sources */,
				CCE0B8091C13F58F00542053 /* ComplicationController.swift in Sources */,
				CCE0B8011C13F58F00542053 /* InterfaceController.swift in Sources */,
				CCE0B8071C13F58F00542053 /* GlanceController.swift in Sources */,
				CCE0B81F1C140CC100542053 /* FirstInterfaceTable.swift in Sources */,
				CCE0B8261C1455D100542053 /* TableGroupController.swift in Sources */,
			);
			runOnlyForDeploymentPostprocessing = 0;
		};
/* End PBXSourcesBuildPhase section */

/* Begin PBXTargetDependency section */
		CC4A337D1A767B250037ACE8 /* PBXTargetDependency */ = {
			isa = PBXTargetDependency;
			target = CC4A33631A767B250037ACE8 /* Iknowwhatyouaredoing */;
			targetProxy = CC4A337C1A767B250037ACE8 /* PBXContainerItemProxy */;
		};
		CCE0B7FC1C13F58F00542053 /* PBXTargetDependency */ = {
			isa = PBXTargetDependency;
			target = CCE0B7F81C13F58F00542053 /* WatchMotion Extension */;
			targetProxy = CCE0B7FB1C13F58F00542053 /* PBXContainerItemProxy */;
		};
		CCE0B80E1C13F58F00542053 /* PBXTargetDependency */ = {
			isa = PBXTargetDependency;
			target = CCE0B7EC1C13F58F00542053 /* WatchMotion */;
			targetProxy = CCE0B80D1C13F58F00542053 /* PBXContainerItemProxy */;
		};
/* End PBXTargetDependency section */

/* Begin PBXVariantGroup section */
		CC4A336F1A767B250037ACE8 /* Main.storyboard */ = {
			isa = PBXVariantGroup;
			children = (
				CC4A33701A767B250037ACE8 /* Base */,
			);
			name = Main.storyboard;
			sourceTree = "<group>";
		};
		CC4A33741A767B250037ACE8 /* LaunchScreen.xib */ = {
			isa = PBXVariantGroup;
			children = (
				CC4A33751A767B250037ACE8 /* Base */,
			);
			name = LaunchScreen.xib;
			sourceTree = "<group>";
		};
		CCE0B7EF1C13F58F00542053 /* Interface.storyboard */ = {
			isa = PBXVariantGroup;
			children = (
				CCE0B7F01C13F58F00542053 /* Base */,
			);
			name = Interface.storyboard;
			sourceTree = "<group>";
		};
/* End PBXVariantGroup section */

/* Begin XCBuildConfiguration section */
		CC4A33831A767B250037ACE8 /* Debug */ = {
			isa = XCBuildConfiguration;
			buildSettings = {
				ALWAYS_SEARCH_USER_PATHS = NO;
				CLANG_CXX_LANGUAGE_STANDARD = "gnu++0x";
				CLANG_CXX_LIBRARY = "libc++";
				CLANG_ENABLE_MODULES = YES;
				CLANG_ENABLE_OBJC_ARC = YES;
				CLANG_WARN_BOOL_CONVERSION = YES;
				CLANG_WARN_CONSTANT_CONVERSION = YES;
				CLANG_WARN_DIRECT_OBJC_ISA_USAGE = YES_ERROR;
				CLANG_WARN_EMPTY_BODY = YES;
				CLANG_WARN_ENUM_CONVERSION = YES;
				CLANG_WARN_INT_CONVERSION = YES;
				CLANG_WARN_OBJC_ROOT_CLASS = YES_ERROR;
				CLANG_WARN_UNREACHABLE_CODE = YES;
				CLANG_WARN__DUPLICATE_METHOD_MATCH = YES;
				"CODE_SIGN_IDENTITY[sdk=iphoneos*]" = "iPhone Developer";
				COPY_PHASE_STRIP = NO;
				ENABLE_STRICT_OBJC_MSGSEND = YES;
				ENABLE_TESTABILITY = YES;
				GCC_C_LANGUAGE_STANDARD = gnu99;
				GCC_DYNAMIC_NO_PIC = NO;
				GCC_OPTIMIZATION_LEVEL = 0;
				GCC_PREPROCESSOR_DEFINITIONS = (
					"DEBUG=1",
					"$(inherited)",
				);
				GCC_SYMBOLS_PRIVATE_EXTERN = NO;
				GCC_WARN_64_TO_32_BIT_CONVERSION = YES;
				GCC_WARN_ABOUT_RETURN_TYPE = YES_ERROR;
				GCC_WARN_UNDECLARED_SELECTOR = YES;
				GCC_WARN_UNINITIALIZED_AUTOS = YES_AGGRESSIVE;
				GCC_WARN_UNUSED_FUNCTION = YES;
				GCC_WARN_UNUSED_VARIABLE = YES;
				IPHONEOS_DEPLOYMENT_TARGET = 8.0;
				MTL_ENABLE_DEBUG_INFO = YES;
				ONLY_ACTIVE_ARCH = YES;
				SDKROOT = iphoneos;
				SWIFT_OPTIMIZATION_LEVEL = "-Onone";
			};
			name = Debug;
		};
		CC4A33841A767B250037ACE8 /* Release */ = {
			isa = XCBuildConfiguration;
			buildSettings = {
				ALWAYS_SEARCH_USER_PATHS = NO;
				CLANG_CXX_LANGUAGE_STANDARD = "gnu++0x";
				CLANG_CXX_LIBRARY = "libc++";
				CLANG_ENABLE_MODULES = YES;
				CLANG_ENABLE_OBJC_ARC = YES;
				CLANG_WARN_BOOL_CONVERSION = YES;
				CLANG_WARN_CONSTANT_CONVERSION = YES;
				CLANG_WARN_DIRECT_OBJC_ISA_USAGE = YES_ERROR;
				CLANG_WARN_EMPTY_BODY = YES;
				CLANG_WARN_ENUM_CONVERSION = YES;
				CLANG_WARN_INT_CONVERSION = YES;
				CLANG_WARN_OBJC_ROOT_CLASS = YES_ERROR;
				CLANG_WARN_UNREACHABLE_CODE = YES;
				CLANG_WARN__DUPLICATE_METHOD_MATCH = YES;
				"CODE_SIGN_IDENTITY[sdk=iphoneos*]" = "iPhone Developer";
				COPY_PHASE_STRIP = YES;
				ENABLE_NS_ASSERTIONS = NO;
				ENABLE_STRICT_OBJC_MSGSEND = YES;
				GCC_C_LANGUAGE_STANDARD = gnu99;
				GCC_WARN_64_TO_32_BIT_CONVERSION = YES;
				GCC_WARN_ABOUT_RETURN_TYPE = YES_ERROR;
				GCC_WARN_UNDECLARED_SELECTOR = YES;
				GCC_WARN_UNINITIALIZED_AUTOS = YES_AGGRESSIVE;
				GCC_WARN_UNUSED_FUNCTION = YES;
				GCC_WARN_UNUSED_VARIABLE = YES;
				IPHONEOS_DEPLOYMENT_TARGET = 8.0;
				MTL_ENABLE_DEBUG_INFO = NO;
				SDKROOT = iphoneos;
				VALIDATE_PRODUCT = YES;
			};
			name = Release;
		};
		CC4A33861A767B250037ACE8 /* Debug */ = {
			isa = XCBuildConfiguration;
			buildSettings = {
				ASSETCATALOG_COMPILER_APPICON_NAME = AppIcon;
				CODE_SIGN_IDENTITY = "iPhone Developer";
				"CODE_SIGN_IDENTITY[sdk=iphoneos*]" = "iPhone Developer";
				INFOPLIST_FILE = Iknowwhatyouaredoing/Info.plist;
				LD_RUNPATH_SEARCH_PATHS = "$(inherited) @executable_path/Frameworks";
				PRODUCT_BUNDLE_IDENTIFIER = "jeffgukang.$(PRODUCT_NAME:rfc1034identifier)";
				PRODUCT_NAME = "$(TARGET_NAME)";
				PROVISIONING_PROFILE = "";
			};
			name = Debug;
		};
		CC4A33871A767B250037ACE8 /* Release */ = {
			isa = XCBuildConfiguration;
			buildSettings = {
				ASSETCATALOG_COMPILER_APPICON_NAME = AppIcon;
				CODE_SIGN_IDENTITY = "iPhone Developer";
				"CODE_SIGN_IDENTITY[sdk=iphoneos*]" = "iPhone Developer";
				INFOPLIST_FILE = Iknowwhatyouaredoing/Info.plist;
				LD_RUNPATH_SEARCH_PATHS = "$(inherited) @executable_path/Frameworks";
				PRODUCT_BUNDLE_IDENTIFIER = "jeffgukang.$(PRODUCT_NAME:rfc1034identifier)";
				PRODUCT_NAME = "$(TARGET_NAME)";
				PROVISIONING_PROFILE = "";
			};
			name = Release;
		};
		CC4A33891A767B250037ACE8 /* Debug */ = {
			isa = XCBuildConfiguration;
			buildSettings = {
				BUNDLE_LOADER = "$(TEST_HOST)";
				FRAMEWORK_SEARCH_PATHS = "";
				GCC_PREPROCESSOR_DEFINITIONS = (
					"DEBUG=1",
					"$(inherited)",
				);
				INFOPLIST_FILE = IknowwhatyouaredoingTests/Info.plist;
				LD_RUNPATH_SEARCH_PATHS = "$(inherited) @executable_path/Frameworks @loader_path/Frameworks";
				PRODUCT_BUNDLE_IDENTIFIER = "jeffgukang.$(PRODUCT_NAME:rfc1034identifier)";
				PRODUCT_NAME = "$(TARGET_NAME)";
				TEST_HOST = "$(BUILT_PRODUCTS_DIR)/Iknowwhatyouaredoing.app/Iknowwhatyouaredoing";
			};
			name = Debug;
		};
		CC4A338A1A767B250037ACE8 /* Release */ = {
			isa = XCBuildConfiguration;
			buildSettings = {
				BUNDLE_LOADER = "$(TEST_HOST)";
				FRAMEWORK_SEARCH_PATHS = "";
				INFOPLIST_FILE = IknowwhatyouaredoingTests/Info.plist;
				LD_RUNPATH_SEARCH_PATHS = "$(inherited) @executable_path/Frameworks @loader_path/Frameworks";
				PRODUCT_BUNDLE_IDENTIFIER = "jeffgukang.$(PRODUCT_NAME:rfc1034identifier)";
				PRODUCT_NAME = "$(TARGET_NAME)";
				TEST_HOST = "$(BUILT_PRODUCTS_DIR)/Iknowwhatyouaredoing.app/Iknowwhatyouaredoing";
			};
			name = Release;
		};
		CCE0B8111C13F58F00542053 /* Debug */ = {
			isa = XCBuildConfiguration;
			buildSettings = {
				ASSETCATALOG_COMPILER_COMPLICATION_NAME = Complication;
				CLANG_ENABLE_MODULES = YES;
				DEBUG_INFORMATION_FORMAT = dwarf;
				GCC_NO_COMMON_BLOCKS = YES;
				INFOPLIST_FILE = "WatchMotion Extension/Info.plist";
				LD_RUNPATH_SEARCH_PATHS = "$(inherited) @executable_path/Frameworks @executable_path/../../Frameworks";
				PRODUCT_BUNDLE_IDENTIFIER = jeffgukang.Iknowwhatyouaredoing.watchkitapp.watchkitextension;
				PRODUCT_NAME = "${TARGET_NAME}";
				SDKROOT = watchos;
				SKIP_INSTALL = YES;
				SWIFT_OPTIMIZATION_LEVEL = "-Onone";
				TARGETED_DEVICE_FAMILY = 4;
				WATCHOS_DEPLOYMENT_TARGET = 2.0;
			};
			name = Debug;
		};
		CCE0B8121C13F58F00542053 /* Release */ = {
			isa = XCBuildConfiguration;
			buildSettings = {
				ASSETCATALOG_COMPILER_COMPLICATION_NAME = Complication;
				CLANG_ENABLE_MODULES = YES;
				COPY_PHASE_STRIP = NO;
				DEBUG_INFORMATION_FORMAT = "dwarf-with-dsym";
				GCC_NO_COMMON_BLOCKS = YES;
				INFOPLIST_FILE = "WatchMotion Extension/Info.plist";
				LD_RUNPATH_SEARCH_PATHS = "$(inherited) @executable_path/Frameworks @executable_path/../../Frameworks";
				PRODUCT_BUNDLE_IDENTIFIER = jeffgukang.Iknowwhatyouaredoing.watchkitapp.watchkitextension;
				PRODUCT_NAME = "${TARGET_NAME}";
				SDKROOT = watchos;
				SKIP_INSTALL = YES;
				TARGETED_DEVICE_FAMILY = 4;
				WATCHOS_DEPLOYMENT_TARGET = 2.0;
			};
			name = Release;
		};
		CCE0B8151C13F58F00542053 /* Debug */ = {
			isa = XCBuildConfiguration;
			buildSettings = {
				ASSETCATALOG_COMPILER_APPICON_NAME = AppIcon;
				CODE_SIGN_IDENTITY = "iPhone Developer";
				"CODE_SIGN_IDENTITY[sdk=iphoneos*]" = "iPhone Developer";
				DEBUG_INFORMATION_FORMAT = dwarf;
				EMBEDDED_CONTENT_CONTAINS_SWIFT = YES;
				GCC_NO_COMMON_BLOCKS = YES;
				IBSC_MODULE = WatchMotion_Extension;
				INFOPLIST_FILE = WatchMotion/Info.plist;
				PRODUCT_BUNDLE_IDENTIFIER = jeffgukang.Iknowwhatyouaredoing.watchkitapp;
				PRODUCT_NAME = "$(TARGET_NAME)";
				SDKROOT = watchos;
				SKIP_INSTALL = YES;
				TARGETED_DEVICE_FAMILY = 4;
				WATCHOS_DEPLOYMENT_TARGET = 2.0;
			};
			name = Debug;
		};
		CCE0B8161C13F58F00542053 /* Release */ = {
			isa = XCBuildConfiguration;
			buildSettings = {
				ASSETCATALOG_COMPILER_APPICON_NAME = AppIcon;
				CODE_SIGN_IDENTITY = "iPhone Developer";
				"CODE_SIGN_IDENTITY[sdk=iphoneos*]" = "iPhone Developer";
				COPY_PHASE_STRIP = NO;
				DEBUG_INFORMATION_FORMAT = "dwarf-with-dsym";
				EMBEDDED_CONTENT_CONTAINS_SWIFT = YES;
				GCC_NO_COMMON_BLOCKS = YES;
				IBSC_MODULE = WatchMotion_Extension;
				INFOPLIST_FILE = WatchMotion/Info.plist;
				PRODUCT_BUNDLE_IDENTIFIER = jeffgukang.Iknowwhatyouaredoing.watchkitapp;
				PRODUCT_NAME = "$(TARGET_NAME)";
				SDKROOT = watchos;
				SKIP_INSTALL = YES;
				TARGETED_DEVICE_FAMILY = 4;
				WATCHOS_DEPLOYMENT_TARGET = 2.0;
			};
			name = Release;
		};
/* End XCBuildConfiguration section */

/* Begin XCConfigurationList section */
		CC4A335F1A767B250037ACE8 /* Build configuration list for PBXProject "Iknowwhatyouaredoing" */ = {
			isa = XCConfigurationList;
			buildConfigurations = (
				CC4A33831A767B250037ACE8 /* Debug */,
				CC4A33841A767B250037ACE8 /* Release */,
			);
			defaultConfigurationIsVisible = 0;
			defaultConfigurationName = Release;
		};
		CC4A33851A767B250037ACE8 /* Build configuration list for PBXNativeTarget "Iknowwhatyouaredoing" */ = {
			isa = XCConfigurationList;
			buildConfigurations = (
				CC4A33861A767B250037ACE8 /* Debug */,
				CC4A33871A767B250037ACE8 /* Release */,
			);
			defaultConfigurationIsVisible = 0;
			defaultConfigurationName = Release;
		};
		CC4A33881A767B250037ACE8 /* Build configuration list for PBXNativeTarget "IknowwhatyouaredoingTests" */ = {
			isa = XCConfigurationList;
			buildConfigurations = (
				CC4A33891A767B250037ACE8 /* Debug */,
				CC4A338A1A767B250037ACE8 /* Release */,
			);
			defaultConfigurationIsVisible = 0;
			defaultConfigurationName = Release;
		};
		CCE0B8101C13F58F00542053 /* Build configuration list for PBXNativeTarget "WatchMotion Extension" */ = {
			isa = XCConfigurationList;
			buildConfigurations = (
				CCE0B8111C13F58F00542053 /* Debug */,
				CCE0B8121C13F58F00542053 /* Release */,
			);
			defaultConfigurationIsVisible = 0;
			defaultConfigurationName = Release;
		};
		CCE0B8141C13F58F00542053 /* Build configuration list for PBXNativeTarget "WatchMotion" */ = {
			isa = XCConfigurationList;
			buildConfigurations = (
				CCE0B8151C13F58F00542053 /* Debug */,
				CCE0B8161C13F58F00542053 /* Release */,
			);
			defaultConfigurationIsVisible = 0;
			defaultConfigurationName = Release;
		};
/* End XCConfigurationList section */
	};
	rootObject = CC4A335C1A767B250037ACE8 /* Project object */;
}
